
Microsoft Visual Studio Solution File, Format Version 12.00
# Visual Studio Version 16
VisualStudioVersion = 16.0.29123.88
MinimumVisualStudioVersion = 10.0.40219.1
Project("{9A19103F-16F7-4668-BE54-9A1E7A4F7556}") = "Extensions.MV", "Extensions.MV.csproj", "{365F848B-6DA0-480F-8557-DD932688AA3A}"
EndProject
Project("{FAE04EC0-301F-11D3-BF4B-00C04F79EFBC}") = "Extensions.MV.UnitTests", "..\Extensions.MV.UnitTests\Extensions.MV.UnitTests.csproj", "{891B5B27-DADE-482F-8063-46AF30670A01}"
EndProject
Global
	GlobalSection(SolutionConfigurationPlatforms) = preSolution
		Debug|Any CPU = Debug|Any CPU
		Release|Any CPU = Release|Any CPU
	EndGlobalSection
	GlobalSection(ProjectConfigurationPlatforms) = postSolution
		{365F848B-6DA0-480F-8557-DD932688AA3A}.Debug|Any CPU.ActiveCfg = Debug|Any CPU
		{365F848B-6DA0-480F-8557-DD932688AA3A}.Debug|Any CPU.Build.0 = Debug|Any CPU
		{365F848B-6DA0-480F-8557-DD932688AA3A}.Release|Any CPU.ActiveCfg = Release|Any CPU
		{365F848B-6DA0-480F-8557-DD932688AA3A}.Release|Any CPU.Build.0 = Release|Any CPU
		{891B5B27-DADE-482F-8063-46AF30670A01}.Debug|Any CPU.ActiveCfg = Debug|Any CPU
		{891B5B27-DADE-482F-8063-46AF30670A01}.Debug|Any CPU.Build.0 = Debug|Any CPU
		{891B5B27-DADE-482F-8063-46AF30670A01}.Release|Any CPU.ActiveCfg = Release|Any CPU
		{891B5B27-DADE-482F-8063-46AF30670A01}.Release|Any CPU.Build.0 = Release|Any CPU
	EndGlobalSection
	GlobalSection(SolutionProperties) = preSolution
		HideSolutionNode = FALSE
	EndGlobalSection
	GlobalSection(ExtensibilityGlobals) = postSolution
		SolutionGuid = {3839578E-0A1E-4AA1-8EFD-F05B8260DB8B}
	EndGlobalSection
EndGlobal
